
Microsoft Visual Studio Solution File, Format Version 12.00
# Visual Studio Version 17
VisualStudioVersion = 17.10.35122.118
MinimumVisualStudioVersion = 10.0.40219.1
Project("{2150E333-8FDC-42A3-9474-1A3956D46DE8}") = "API", "API", "{9ACE5A1D-15B1-4FB1-BA37-B5E330BCB9F0}"
EndProject
Project("{2150E333-8FDC-42A3-9474-1A3956D46DE8}") = "Clients", "Clients", "{79E933C4-B23C-4CAA-B021-A016B168B60B}"
EndProject
Project("{2150E333-8FDC-42A3-9474-1A3956D46DE8}") = "Common", "Common", "{63F68E17-70FF-4EB1-96E5-1856261DBC75}"
EndProject
Project("{2150E333-8FDC-42A3-9474-1A3956D46DE8}") = "Projections", "Projections", "{05066E05-5CEF-4EA9-B79B-1541FF9F8357}"
EndProject
Project("{FAE04EC0-301F-11D3-BF4B-00C04F79EFBC}") = "TuzluSozluk.Common", "Common\TuzluSozluk.Common\TuzluSozluk.Common.csproj", "{B17E262A-7E1A-47DD-85C7-49EC0D9028BA}"
EndProject
Project("{2150E333-8FDC-42A3-9474-1A3956D46DE8}") = "Core", "Core", "{741BA3E1-FD90-4D2A-BCA5-37C21E4A0AFC}"
EndProject
Project("{2150E333-8FDC-42A3-9474-1A3956D46DE8}") = "Infrastructure", "Infrastructure", "{227B29F0-07FA-4B31-81C1-3F3598857C0F}"
EndProject
Project("{2150E333-8FDC-42A3-9474-1A3956D46DE8}") = "Presentation", "Presentation", "{7FDC35AC-1783-45C3-A6E5-E93C77D33FB9}"
EndProject
Project("{FAE04EC0-301F-11D3-BF4B-00C04F79EFBC}") = "TuzluSozluk.Domain", "API\Core\TuzluSozluk.Domain\TuzluSozluk.Domain.csproj", "{914FD24A-1A10-42C7-859E-DD828D7DF961}"
EndProject
Project("{FAE04EC0-301F-11D3-BF4B-00C04F79EFBC}") = "TuzluSozluk.Application", "API\Core\TuzluSozluk.Application\TuzluSozluk.Application.csproj", "{55BA7661-1755-4AEE-B0A1-FF9F581C0B45}"
EndProject
Project("{FAE04EC0-301F-11D3-BF4B-00C04F79EFBC}") = "TuzluSozluk.Persistence", "API\Infrastructure\TuzluSozluk.Persistence\TuzluSozluk.Persistence.csproj", "{ACA6CAF8-E19D-467E-BD1D-3F778D6791B5}"
EndProject
Project("{FAE04EC0-301F-11D3-BF4B-00C04F79EFBC}") = "TuzluSozluk.Infrastucture", "API\Infrastructure\TuzluSozluk.Infrastucture\TuzluSozluk.Infrastucture.csproj", "{8575B74F-315A-4B21-8209-8A4197BB0F65}"
EndProject
Project("{FAE04EC0-301F-11D3-BF4B-00C04F79EFBC}") = "TuzluSozluk.API", "API\Presentation\TuzluSozluk.API\TuzluSozluk.API.csproj", "{909A2FA5-C042-4708-83EC-1D893AB5F3B5}"
EndProject
Project("{2150E333-8FDC-42A3-9474-1A3956D46DE8}") = "BlazorWeb", "BlazorWeb", "{86B0CA11-017B-4403-8129-337E64150BF5}"
EndProject
Project("{FAE04EC0-301F-11D3-BF4B-00C04F79EFBC}") = "TuzluSozluk.FavoriteService", "Projections\TuzluSozluk.FavoriteService\TuzluSozluk.FavoriteService.csproj", "{AFAC9A7E-2400-4072-883F-1EC10A677811}"
EndProject
Project("{FAE04EC0-301F-11D3-BF4B-00C04F79EFBC}") = "TuzluSozluk.UserService", "Projections\TuzluSozluk.UserService\TuzluSozluk.UserService.csproj", "{2DC411D1-70B1-48F1-9588-9EE72F793849}"
EndProject
Project("{FAE04EC0-301F-11D3-BF4B-00C04F79EFBC}") = "TuzluSozluk.VoteService", "Projections\TuzluSozluk.VoteService\TuzluSozluk.VoteService.csproj", "{4BB4F04E-8FEF-402F-8F2A-1CB675FABC09}"
EndProject
Project("{FAE04EC0-301F-11D3-BF4B-00C04F79EFBC}") = "TuzluSozluk.WebApp", "Clients\BlazorWeb\TuzluSozluk.WebApp\TuzluSozluk.WebApp.csproj", "{76FEDD21-41ED-46BE-9C49-40C1C55B3BF1}"
EndProject
Global
	GlobalSection(SolutionConfigurationPlatforms) = preSolution
		Debug|Any CPU = Debug|Any CPU
		Release|Any CPU = Release|Any CPU
	EndGlobalSection
	GlobalSection(ProjectConfigurationPlatforms) = postSolution
		{B17E262A-7E1A-47DD-85C7-49EC0D9028BA}.Debug|Any CPU.ActiveCfg = Debug|Any CPU
		{B17E262A-7E1A-47DD-85C7-49EC0D9028BA}.Debug|Any CPU.Build.0 = Debug|Any CPU
		{B17E262A-7E1A-47DD-85C7-49EC0D9028BA}.Release|Any CPU.ActiveCfg = Release|Any CPU
		{B17E262A-7E1A-47DD-85C7-49EC0D9028BA}.Release|Any CPU.Build.0 = Release|Any CPU
		{914FD24A-1A10-42C7-859E-DD828D7DF961}.Debug|Any CPU.ActiveCfg = Debug|Any CPU
		{914FD24A-1A10-42C7-859E-DD828D7DF961}.Debug|Any CPU.Build.0 = Debug|Any CPU
		{914FD24A-1A10-42C7-859E-DD828D7DF961}.Release|Any CPU.ActiveCfg = Release|Any CPU
		{914FD24A-1A10-42C7-859E-DD828D7DF961}.Release|Any CPU.Build.0 = Release|Any CPU
		{55BA7661-1755-4AEE-B0A1-FF9F581C0B45}.Debug|Any CPU.ActiveCfg = Debug|Any CPU
		{55BA7661-1755-4AEE-B0A1-FF9F581C0B45}.Debug|Any CPU.Build.0 = Debug|Any CPU
		{55BA7661-1755-4AEE-B0A1-FF9F581C0B45}.Release|Any CPU.ActiveCfg = Release|Any CPU
		{55BA7661-1755-4AEE-B0A1-FF9F581C0B45}.Release|Any CPU.Build.0 = Release|Any CPU
		{ACA6CAF8-E19D-467E-BD1D-3F778D6791B5}.Debug|Any CPU.ActiveCfg = Debug|Any CPU
		{ACA6CAF8-E19D-467E-BD1D-3F778D6791B5}.Debug|Any CPU.Build.0 = Debug|Any CPU
		{ACA6CAF8-E19D-467E-BD1D-3F778D6791B5}.Release|Any CPU.ActiveCfg = Release|Any CPU
		{ACA6CAF8-E19D-467E-BD1D-3F778D6791B5}.Release|Any CPU.Build.0 = Release|Any CPU
		{8575B74F-315A-4B21-8209-8A4197BB0F65}.Debug|Any CPU.ActiveCfg = Debug|Any CPU
		{8575B74F-315A-4B21-8209-8A4197BB0F65}.Debug|Any CPU.Build.0 = Debug|Any CPU
		{8575B74F-315A-4B21-8209-8A4197BB0F65}.Release|Any CPU.ActiveCfg = Release|Any CPU
		{8575B74F-315A-4B21-8209-8A4197BB0F65}.Release|Any CPU.Build.0 = Release|Any CPU
		{909A2FA5-C042-4708-83EC-1D893AB5F3B5}.Debug|Any CPU.ActiveCfg = Debug|Any CPU
		{909A2FA5-C042-4708-83EC-1D893AB5F3B5}.Debug|Any CPU.Build.0 = Debug|Any CPU
		{909A2FA5-C042-4708-83EC-1D893AB5F3B5}.Release|Any CPU.ActiveCfg = Release|Any CPU
		{909A2FA5-C042-4708-83EC-1D893AB5F3B5}.Release|Any CPU.Build.0 = Release|Any CPU
		{AFAC9A7E-2400-4072-883F-1EC10A677811}.Debug|Any CPU.ActiveCfg = Debug|Any CPU
		{AFAC9A7E-2400-4072-883F-1EC10A677811}.Debug|Any CPU.Build.0 = Debug|Any CPU
		{AFAC9A7E-2400-4072-883F-1EC10A677811}.Release|Any CPU.ActiveCfg = Release|Any CPU
		{AFAC9A7E-2400-4072-883F-1EC10A677811}.Release|Any CPU.Build.0 = Release|Any CPU
		{2DC411D1-70B1-48F1-9588-9EE72F793849}.Debug|Any CPU.ActiveCfg = Debug|Any CPU
		{2DC411D1-70B1-48F1-9588-9EE72F793849}.Debug|Any CPU.Build.0 = Debug|Any CPU
		{2DC411D1-70B1-48F1-9588-9EE72F793849}.Release|Any CPU.ActiveCfg = Release|Any CPU
		{2DC411D1-70B1-48F1-9588-9EE72F793849}.Release|Any CPU.Build.0 = Release|Any CPU
		{4BB4F04E-8FEF-402F-8F2A-1CB675FABC09}.Debug|Any CPU.ActiveCfg = Debug|Any CPU
		{4BB4F04E-8FEF-402F-8F2A-1CB675FABC09}.Debug|Any CPU.Build.0 = Debug|Any CPU
		{4BB4F04E-8FEF-402F-8F2A-1CB675FABC09}.Release|Any CPU.ActiveCfg = Release|Any CPU
		{4BB4F04E-8FEF-402F-8F2A-1CB675FABC09}.Release|Any CPU.Build.0 = Release|Any CPU
		{76FEDD21-41ED-46BE-9C49-40C1C55B3BF1}.Debug|Any CPU.ActiveCfg = Debug|Any CPU
		{76FEDD21-41ED-46BE-9C49-40C1C55B3BF1}.Debug|Any CPU.Build.0 = Debug|Any CPU
		{76FEDD21-41ED-46BE-9C49-40C1C55B3BF1}.Release|Any CPU.ActiveCfg = Release|Any CPU
		{76FEDD21-41ED-46BE-9C49-40C1C55B3BF1}.Release|Any CPU.Build.0 = Release|Any CPU
	EndGlobalSection
	GlobalSection(SolutionProperties) = preSolution
		HideSolutionNode = FALSE
	EndGlobalSection
	GlobalSection(NestedProjects) = preSolution
		{B17E262A-7E1A-47DD-85C7-49EC0D9028BA} = {63F68E17-70FF-4EB1-96E5-1856261DBC75}
		{741BA3E1-FD90-4D2A-BCA5-37C21E4A0AFC} = {9ACE5A1D-15B1-4FB1-BA37-B5E330BCB9F0}
		{227B29F0-07FA-4B31-81C1-3F3598857C0F} = {9ACE5A1D-15B1-4FB1-BA37-B5E330BCB9F0}
		{7FDC35AC-1783-45C3-A6E5-E93C77D33FB9} = {9ACE5A1D-15B1-4FB1-BA37-B5E330BCB9F0}
		{914FD24A-1A10-42C7-859E-DD828D7DF961} = {741BA3E1-FD90-4D2A-BCA5-37C21E4A0AFC}
		{55BA7661-1755-4AEE-B0A1-FF9F581C0B45} = {741BA3E1-FD90-4D2A-BCA5-37C21E4A0AFC}
		{ACA6CAF8-E19D-467E-BD1D-3F778D6791B5} = {227B29F0-07FA-4B31-81C1-3F3598857C0F}
		{8575B74F-315A-4B21-8209-8A4197BB0F65} = {227B29F0-07FA-4B31-81C1-3F3598857C0F}
		{909A2FA5-C042-4708-83EC-1D893AB5F3B5} = {7FDC35AC-1783-45C3-A6E5-E93C77D33FB9}
		{86B0CA11-017B-4403-8129-337E64150BF5} = {79E933C4-B23C-4CAA-B021-A016B168B60B}
		{AFAC9A7E-2400-4072-883F-1EC10A677811} = {05066E05-5CEF-4EA9-B79B-1541FF9F8357}
		{2DC411D1-70B1-48F1-9588-9EE72F793849} = {05066E05-5CEF-4EA9-B79B-1541FF9F8357}
		{4BB4F04E-8FEF-402F-8F2A-1CB675FABC09} = {05066E05-5CEF-4EA9-B79B-1541FF9F8357}
		{76FEDD21-41ED-46BE-9C49-40C1C55B3BF1} = {86B0CA11-017B-4403-8129-337E64150BF5}
	EndGlobalSection
	GlobalSection(ExtensibilityGlobals) = postSolution
		SolutionGuid = {85A70EE8-5829-40D8-882A-132048317E4E}
	EndGlobalSection
EndGlobal
